
Microsoft Visual Studio Solution File, Format Version 12.00
# Visual Studio Version 16
VisualStudioVersion = 16.0.32602.291
MinimumVisualStudioVersion = 10.0.40219.1
Project("{FAE04EC0-301F-11D3-BF4B-00C04F79EFBC}") = "Task_5", "Task_5\Task_5.csproj", "{24E0FB17-F8C4-423D-A91A-B7A13E1F8FD2}"
EndProject
Project("{FAE04EC0-301F-11D3-BF4B-00C04F79EFBC}") = "Taks_5.1", "Taks_5.1\Taks_5.1.csproj", "{7FD38EB3-AC9E-41D8-ABC8-50061A4256A5}"
EndProject
Global
	GlobalSection(SolutionConfigurationPlatforms) = preSolution
		Debug|Any CPU = Debug|Any CPU
		Release|Any CPU = Release|Any CPU
	EndGlobalSection
	GlobalSection(ProjectConfigurationPlatforms) = postSolution
		{24E0FB17-F8C4-423D-A91A-B7A13E1F8FD2}.Debug|Any CPU.ActiveCfg = Debug|Any CPU
		{24E0FB17-F8C4-423D-A91A-B7A13E1F8FD2}.Debug|Any CPU.Build.0 = Debug|Any CPU
		{24E0FB17-F8C4-423D-A91A-B7A13E1F8FD2}.Release|Any CPU.ActiveCfg = Release|Any CPU
		{24E0FB17-F8C4-423D-A91A-B7A13E1F8FD2}.Release|Any CPU.Build.0 = Release|Any CPU
		{7FD38EB3-AC9E-41D8-ABC8-50061A4256A5}.Debug|Any CPU.ActiveCfg = Debug|Any CPU
		{7FD38EB3-AC9E-41D8-ABC8-50061A4256A5}.Debug|Any CPU.Build.0 = Debug|Any CPU
		{7FD38EB3-AC9E-41D8-ABC8-50061A4256A5}.Release|Any CPU.ActiveCfg = Release|Any CPU
		{7FD38EB3-AC9E-41D8-ABC8-50061A4256A5}.Release|Any CPU.Build.0 = Release|Any CPU
	EndGlobalSection
	GlobalSection(SolutionProperties) = preSolution
		HideSolutionNode = FALSE
	EndGlobalSection
	GlobalSection(ExtensibilityGlobals) = postSolution
		SolutionGuid = {F2AA2331-0A03-4C6D-B54D-2E553E56A197}
	EndGlobalSection
EndGlobal
