
Microsoft Visual Studio Solution File, Format Version 12.00
Project("{FAE04EC0-301F-11D3-BF4B-00C04F79EFBC}") = "FileReadingBlocking", "FileReadingBlocking\FileReadingBlocking.csproj", "{C3A1D272-A850-4E70-803E-6ED1C3694E2F}"
EndProject
Global
	GlobalSection(SolutionConfigurationPlatforms) = preSolution
		Debug|Any CPU = Debug|Any CPU
		Release|Any CPU = Release|Any CPU
	EndGlobalSection
	GlobalSection(ProjectConfigurationPlatforms) = postSolution
		{C3A1D272-A850-4E70-803E-6ED1C3694E2F}.Debug|Any CPU.ActiveCfg = Debug|Any CPU
		{C3A1D272-A850-4E70-803E-6ED1C3694E2F}.Debug|Any CPU.Build.0 = Debug|Any CPU
		{C3A1D272-A850-4E70-803E-6ED1C3694E2F}.Release|Any CPU.ActiveCfg = Release|Any CPU
		{C3A1D272-A850-4E70-803E-6ED1C3694E2F}.Release|Any CPU.Build.0 = Release|Any CPU
	EndGlobalSection
EndGlobal
