
Microsoft Visual Studio Solution File, Format Version 12.00
# Visual Studio Version 16
VisualStudioVersion = 16.0.32602.291
MinimumVisualStudioVersion = 10.0.40219.1
Project("{FAE04EC0-301F-11D3-BF4B-00C04F79EFBC}") = "Task_6", "Task_6\Task_6.csproj", "{95BC876D-51CA-4031-A5E2-E13E3778641C}"
EndProject
Global
	GlobalSection(SolutionConfigurationPlatforms) = preSolution
		Debug|Any CPU = Debug|Any CPU
		Release|Any CPU = Release|Any CPU
	EndGlobalSection
	GlobalSection(ProjectConfigurationPlatforms) = postSolution
		{95BC876D-51CA-4031-A5E2-E13E3778641C}.Debug|Any CPU.ActiveCfg = Debug|Any CPU
		{95BC876D-51CA-4031-A5E2-E13E3778641C}.Debug|Any CPU.Build.0 = Debug|Any CPU
		{95BC876D-51CA-4031-A5E2-E13E3778641C}.Release|Any CPU.ActiveCfg = Release|Any CPU
		{95BC876D-51CA-4031-A5E2-E13E3778641C}.Release|Any CPU.Build.0 = Release|Any CPU
	EndGlobalSection
	GlobalSection(SolutionProperties) = preSolution
		HideSolutionNode = FALSE
	EndGlobalSection
	GlobalSection(ExtensibilityGlobals) = postSolution
		SolutionGuid = {E1F30806-3605-4129-BCFE-A971D33BEFC4}
	EndGlobalSection
EndGlobal
